Microsoft Visual Studio Solution File, Format Version 12.00
# Visual Studio Version 17
VisualStudioVersion = 17.5.2.0
MinimumVisualStudioVersion = 10.0.40219.1
Project("{FAE04EC0-301F-11D3-BF4B-00C04F79EFBC}") = "AssemblyMaster", "AssemblyMaster\AssemblyMaster.csproj", "{BA6625E2-4974-57AB-B8BC-A110E177935A}"
EndProject
Global
	GlobalSection(SolutionConfigurationPlatforms) = preSolution
		Debug|Any CPU = Debug|Any CPU
		Release|Any CPU = Release|Any CPU
	EndGlobalSection
	GlobalSection(ProjectConfigurationPlatforms) = postSolution
		{BA6625E2-4974-57AB-B8BC-A110E177935A}.Debug|Any CPU.ActiveCfg = Debug|Any CPU
		{BA6625E2-4974-57AB-B8BC-A110E177935A}.Debug|Any CPU.Build.0 = Debug|Any CPU
		{BA6625E2-4974-57AB-B8BC-A110E177935A}.Release|Any CPU.ActiveCfg = Release|Any CPU
		{BA6625E2-4974-57AB-B8BC-A110E177935A}.Release|Any CPU.Build.0 = Release|Any CPU
	EndGlobalSection
	GlobalSection(SolutionProperties) = preSolution
		HideSolutionNode = FALSE
	EndGlobalSection
	GlobalSection(ExtensibilityGlobals) = postSolution
		SolutionGuid = {981EEAC6-C303-4E40-AFAE-8D46BA92FF7D}
	EndGlobalSection
EndGlobal
